# THIS IS AN AUTOGENERATED FILE. DO NOT EDIT THIS FILE DIRECTLY.
# yarn lockfile v1


"@alloc/quick-lru@^5.2.0":
  version "5.2.0"
  resolved "https://registry.npmjs.org/@alloc/quick-lru/-/quick-lru-5.2.0.tgz"
  integrity sha512-UrcABB+4bUrFABwbluTIBErXwvbsU/V7TZWfmbgJfbkwiBuziS9gxdODUyuiecfdGQ85jglMW6juS3+z5TsKLw==

"@biomejs/biome@2.2.0":
  version "2.2.0"
  resolved "https://registry.yarnpkg.com/@biomejs/biome/-/biome-2.2.0.tgz#823ba77363651f310c47909747c879791ebd15c9"
  integrity sha512-3On3RSYLsX+n9KnoSgfoYlckYBoU6VRM22cw1gB4Y0OuUVSYd/O/2saOJMrA4HFfA1Ff0eacOvMN1yAAvHtzIw==
  optionalDependencies:
    "@biomejs/cli-darwin-arm64" "2.2.0"
    "@biomejs/cli-darwin-x64" "2.2.0"
    "@biomejs/cli-linux-arm64" "2.2.0"
    "@biomejs/cli-linux-arm64-musl" "2.2.0"
    "@biomejs/cli-linux-x64" "2.2.0"
    "@biomejs/cli-linux-x64-musl" "2.2.0"
    "@biomejs/cli-win32-arm64" "2.2.0"
    "@biomejs/cli-win32-x64" "2.2.0"

"@biomejs/cli-darwin-arm64@2.2.0":
  version "2.2.0"
  resolved "https://registry.yarnpkg.com/@biomejs/cli-darwin-arm64/-/cli-darwin-arm64-2.2.0.tgz#1abf9508e7d0776871710687ddad36e692dce3bc"
  integrity sha512-zKbwUUh+9uFmWfS8IFxmVD6XwqFcENjZvEyfOxHs1epjdH3wyyMQG80FGDsmauPwS2r5kXdEM0v/+dTIA9FXAg==

"@biomejs/cli-darwin-x64@2.2.0":
  version "2.2.0"
  resolved "https://registry.yarnpkg.com/@biomejs/cli-darwin-x64/-/cli-darwin-x64-2.2.0.tgz#3a51aa569505fedd3a32bb914d608ec27d87f26d"
  integrity sha512-+OmT4dsX2eTfhD5crUOPw3RPhaR+SKVspvGVmSdZ9y9O/AgL8pla6T4hOn1q+VAFBHuHhsdxDRJgFCSC7RaMOw==

"@biomejs/cli-linux-arm64-musl@2.2.0":
  version "2.2.0"
  resolved "https://registry.yarnpkg.com/@biomejs/cli-linux-arm64-musl/-/cli-linux-arm64-musl-2.2.0.tgz#4d720930732a825b7a8c7cfe1741aec9e7d5ae1d"
  integrity sha512-egKpOa+4FL9YO+SMUMLUvf543cprjevNc3CAgDNFLcjknuNMcZ0GLJYa3EGTCR2xIkIUJDVneBV3O9OcIlCEZQ==

"@biomejs/cli-linux-arm64@2.2.0":
  version "2.2.0"
  resolved "https://registry.yarnpkg.com/@biomejs/cli-linux-arm64/-/cli-linux-arm64-2.2.0.tgz#d0a5c153ff9243b15600781947d70d6038226feb"
  integrity sha512-6eoRdF2yW5FnW9Lpeivh7Mayhq0KDdaDMYOJnH9aT02KuSIX5V1HmWJCQQPwIQbhDh68Zrcpl8inRlTEan0SXw==

"@biomejs/cli-linux-x64-musl@2.2.0":
  version "2.2.0"
  resolved "https://registry.yarnpkg.com/@biomejs/cli-linux-x64-musl/-/cli-linux-x64-musl-2.2.0.tgz#946095b0a444f395b2df9244153e1cd6b07404c0"
  integrity sha512-I5J85yWwUWpgJyC1CcytNSGusu2p9HjDnOPAFG4Y515hwRD0jpR9sT9/T1cKHtuCvEQ/sBvx+6zhz9l9wEJGAg==

"@biomejs/cli-linux-x64@2.2.0":
  version "2.2.0"
  resolved "https://registry.yarnpkg.com/@biomejs/cli-linux-x64/-/cli-linux-x64-2.2.0.tgz#ae01e0a70c7cd9f842c77dfb4ebd425734667a34"
  integrity sha512-5UmQx/OZAfJfi25zAnAGHUMuOd+LOsliIt119x2soA2gLggQYrVPA+2kMUxR6Mw5M1deUF/AWWP2qpxgH7Nyfw==

"@biomejs/cli-win32-arm64@2.2.0":
  version "2.2.0"
  resolved "https://registry.yarnpkg.com/@biomejs/cli-win32-arm64/-/cli-win32-arm64-2.2.0.tgz#09a3988b9d4bab8b8b3a41b4de9560bf70943964"
  integrity sha512-n9a1/f2CwIDmNMNkFs+JI0ZjFnMO0jdOyGNtihgUNFnlmd84yIYY2KMTBmMV58ZlVHjgmY5Y6E1hVTnSRieggA==

"@biomejs/cli-win32-x64@2.2.0":
  version "2.2.0"
  resolved "https://registry.yarnpkg.com/@biomejs/cli-win32-x64/-/cli-win32-x64-2.2.0.tgz#5d2523b421d847b13fac146cf745436ea8a72b95"
  integrity sha512-Nawu5nHjP/zPKTIryh2AavzTc/KEg4um/MxWdXW0A6P/RZOyIpa7+QSjeXwAwX/utJGaCoXRPWtF3m5U/bB3Ww==

"@next/env@14.0.3":
  version "14.0.3"
  resolved "https://registry.npmjs.org/@next/env/-/env-14.0.3.tgz"
  integrity sha512-7xRqh9nMvP5xrW4/+L0jgRRX+HoNRGnfJpD+5Wq6/13j3dsdzxO3BCXn7D3hMqsDb+vjZnJq+vI7+EtgrYZTeA==

"@next/swc-darwin-arm64@14.0.3":
  version "14.0.3"
  resolved "https://registry.npmjs.org/@next/swc-darwin-arm64/-/swc-darwin-arm64-14.0.3.tgz"
  integrity sha512-64JbSvi3nbbcEtyitNn2LEDS/hcleAFpHdykpcnrstITFlzFgB/bW0ER5/SJJwUPj+ZPY+z3e+1jAfcczRLVGw==

"@next/swc-darwin-x64@14.0.3":
  version "14.0.3"
  resolved "https://registry.yarnpkg.com/@next/swc-darwin-x64/-/swc-darwin-x64-14.0.3.tgz#48b527ef7eb5dbdcaf62fd107bc3a78371f36f09"
  integrity sha512-RkTf+KbAD0SgYdVn1XzqE/+sIxYGB7NLMZRn9I4Z24afrhUpVJx6L8hsRnIwxz3ERE2NFURNliPjJ2QNfnWicQ==

"@next/swc-linux-arm64-gnu@14.0.3":
  version "14.0.3"
  resolved "https://registry.yarnpkg.com/@next/swc-linux-arm64-gnu/-/swc-linux-arm64-gnu-14.0.3.tgz#0a36475a38b2855ab8ea0fe8b56899bc90184c0f"
  integrity sha512-3tBWGgz7M9RKLO6sPWC6c4pAw4geujSwQ7q7Si4d6bo0l6cLs4tmO+lnSwFp1Tm3lxwfMk0SgkJT7EdwYSJvcg==

"@next/swc-linux-arm64-musl@14.0.3":
  version "14.0.3"
  resolved "https://registry.yarnpkg.com/@next/swc-linux-arm64-musl/-/swc-linux-arm64-musl-14.0.3.tgz#25328a9f55baa09fde6364e7e47ade65c655034f"
  integrity sha512-v0v8Kb8j8T23jvVUWZeA2D8+izWspeyeDGNaT2/mTHWp7+37fiNfL8bmBWiOmeumXkacM/AB0XOUQvEbncSnHA==

"@next/swc-linux-x64-gnu@14.0.3":
  version "14.0.3"
  resolved "https://registry.yarnpkg.com/@next/swc-linux-x64-gnu/-/swc-linux-x64-gnu-14.0.3.tgz#594b747e3c8896b2da67bba54fcf8a6b5a410e5e"
  integrity sha512-VM1aE1tJKLBwMGtyBR21yy+STfl0MapMQnNrXkxeyLs0GFv/kZqXS5Jw/TQ3TSUnbv0QPDf/X8sDXuMtSgG6eg==

"@next/swc-linux-x64-musl@14.0.3":
  version "14.0.3"
  resolved "https://registry.yarnpkg.com/@next/swc-linux-x64-musl/-/swc-linux-x64-musl-14.0.3.tgz#a02da58fc6ecad8cf5c5a2a96a7f6030ec7f6215"
  integrity sha512-64EnmKy18MYFL5CzLaSuUn561hbO1Gk16jM/KHznYP3iCIfF9e3yULtHaMy0D8zbHfxset9LTOv6cuYKJgcOxg==

"@next/swc-win32-arm64-msvc@14.0.3":
  version "14.0.3"
  resolved "https://registry.yarnpkg.com/@next/swc-win32-arm64-msvc/-/swc-win32-arm64-msvc-14.0.3.tgz#bf2be23d3ba2ebd0d4a9376a31f783efdb677b48"
  integrity sha512-WRDp8QrmsL1bbGtsh5GqQ/KWulmrnMBgbnb+59qNTW1kVi1nG/2ndZLkcbs2GX7NpFLlToLRMWSQXmPzQm4tog==

"@next/swc-win32-ia32-msvc@14.0.3":
  version "14.0.3"
  resolved "https://registry.yarnpkg.com/@next/swc-win32-ia32-msvc/-/swc-win32-ia32-msvc-14.0.3.tgz#839f8de85a4bf2c3c69242483ab87cb916427551"
  integrity sha512-EKffQeqCrj+t6qFFhIFTRoqb2QwX1mU7iTOvMyLbYw3QtqTw9sMwjykyiMlZlrfm2a4fA84+/aeW+PMg1MjuTg==

"@next/swc-win32-x64-msvc@14.0.3":
  version "14.0.3"
  resolved "https://registry.yarnpkg.com/@next/swc-win32-x64-msvc/-/swc-win32-x64-msvc-14.0.3.tgz#27b623612b1d0cea6efe0a0d31aa1a335fc99647"
  integrity sha512-ERhKPSJ1vQrPiwrs15Pjz/rvDHZmkmvbf/BjPN/UCOI++ODftT0GtasDPi0j+y6PPJi5HsXw+dpRaXUaw4vjuQ==

"@swc/helpers@0.5.2":
  version "0.5.2"
  resolved "https://registry.npmjs.org/@swc/helpers/-/helpers-0.5.2.tgz"
  integrity sha512-E4KcWTpoLHqwPHLxidpOqQbcrZVgi0rsmmZXUle1jXmJfuIf/UWpczUJ7MZZ5tlxytgJXyp0w4PGkkeLiuIdZw==
  dependencies:
    tslib "^2.4.0"

"@tailwindcss/node@^4.0.0":
  version "4.0.4"
  resolved "https://registry.npmjs.org/@tailwindcss/node/-/node-4.0.4.tgz"
  integrity sha512-VLFq80IyoV1hsHPcCm1mmlyPyUT6NlovQLoO2y7PGm84mW94ZrNJ7ax5H6K4M7Aj/fdMfem5IX7Ka+LXWZpDGg==
  dependencies:
    enhanced-resolve "^5.18.0"
    jiti "^2.4.2"
    tailwindcss "4.0.4"

"@tailwindcss/oxide-android-arm64@4.0.4":
  version "4.0.4"
  resolved "https://registry.yarnpkg.com/@tailwindcss/oxide-android-arm64/-/oxide-android-arm64-4.0.4.tgz#cbfb87606bd6b59afaad68f1ac4c9f410b0b3944"
  integrity sha512-hiGUA8d15ynH/LdurQNObnuTjri7i4ApAzhesusNxoz4br7vhZ6QO5CFgniYAYNZvf8Q8wCTBg0nj61RalBeVQ==

"@tailwindcss/oxide-darwin-arm64@4.0.4":
  version "4.0.4"
  resolved "https://registry.npmjs.org/@tailwindcss/oxide-darwin-arm64/-/oxide-darwin-arm64-4.0.4.tgz"
  integrity sha512-vTca+ysNl8BYmYJTni9pLC+L3S4bvrj0ai1eUV3yYXYa5Cpugr5Fni6ylV0gcTZOyETm2RCCJ/0azU6MgqE6HA==

"@tailwindcss/oxide-darwin-x64@4.0.4":
  version "4.0.4"
  resolved "https://registry.yarnpkg.com/@tailwindcss/oxide-darwin-x64/-/oxide-darwin-x64-4.0.4.tgz#07888c86f96003b0faab3fed28ef43269019377a"
  integrity sha512-rxPWb5AQJ/aAM/5UDCjaQaMYIcrZHe/Dr9xZu9+P9nJf3WAweNsGi+e+SW9EYGRiF3hkBtP2dvxVNAkTiEbNQQ==

"@tailwindcss/oxide-freebsd-x64@4.0.4":
  version "4.0.4"
  resolved "https://registry.yarnpkg.com/@tailwindcss/oxide-freebsd-x64/-/oxide-freebsd-x64-4.0.4.tgz#75cedea6e871efd016c0e36c71ae4120af782f47"
  integrity sha512-UOnRHzlS5V5cxaMgBo6rk1E92tTDUtO/falc9vOpNiRdWhNcofYNN9zvZP63Wuo5FC6/XCyAnJo6OXUm18TwrQ==

"@tailwindcss/oxide-linux-arm-gnueabihf@4.0.4":
  version "4.0.4"
  resolved "https://registry.yarnpkg.com/@tailwindcss/oxide-linux-arm-gnueabihf/-/oxide-linux-arm-gnueabihf-4.0.4.tgz#139a7eb225e698084e0f5e8c4f11418b05089c3b"
  integrity sha512-0Ry9Qfnf22rmJwHxsCFmHQIl5RZw+yOUUGHaqNT42REL8r308cU/bi4UqdrjqVRfAlu51gOGxTRf2NRueczuIA==

"@tailwindcss/oxide-linux-arm64-gnu@4.0.4":
  version "4.0.4"
  resolved "https://registry.yarnpkg.com/@tailwindcss/oxide-linux-arm64-gnu/-/oxide-linux-arm64-gnu-4.0.4.tgz#4395b3a3a35d7cbed9b7a1629f0daa20e4752818"
  integrity sha512-5a7WD30nVdI7Rl1ohZ0Ojj9t5yRnZkJBizvh3uIW52h9UeNpon8TfoknF6rU/TwD32dQ0Cjo5CcCHtQ2wW9PCA==

"@tailwindcss/oxide-linux-arm64-musl@4.0.4":
  version "4.0.4"
  resolved "https://registry.yarnpkg.com/@tailwindcss/oxide-linux-arm64-musl/-/oxide-linux-arm64-musl-4.0.4.tgz#4618e50c4914d03ef4edd17fc86987784f80a538"
  integrity sha512-m6s5jKSqos07l6NtHFd49Ljcaw4jIWHE7jq6eNPNz9SCzQqRzs4esP1t7jH8UljQ7JffKOl7yZPwK5Nf+irliw==

"@tailwindcss/oxide-linux-x64-gnu@4.0.4":
  version "4.0.4"
  resolved "https://registry.yarnpkg.com/@tailwindcss/oxide-linux-x64-gnu/-/oxide-linux-x64-gnu-4.0.4.tgz#fbe1196ba74e05f703183302d6dc87146af0b4f1"
  integrity sha512-K5dBjGHzby9eyUBwy9YHFhKY+5i8fzIBZM1NBWp6L2xpM7OzW9WJDgNcgESkZami9g+EozkQLt3ZmMZHAieXkw==

"@tailwindcss/oxide-linux-x64-musl@4.0.4":
  version "4.0.4"
  resolved "https://registry.yarnpkg.com/@tailwindcss/oxide-linux-x64-musl/-/oxide-linux-x64-musl-4.0.4.tgz#6da711b4cb719123554045e9f8565d67aca440ff"
  integrity sha512-J8sskt+fA5ooq+kxy0Tf4E2TRWZD9Y8j3K+pnBwp9zdilLmSd8OHrB3e0/rO78KveZ6BE9ae75cKOWrT6wONmw==

"@tailwindcss/oxide-win32-arm64-msvc@4.0.4":
  version "4.0.4"
  resolved "https://registry.yarnpkg.com/@tailwindcss/oxide-win32-arm64-msvc/-/oxide-win32-arm64-msvc-4.0.4.tgz#a8e8ca5f9a3a7e376c41f5318e651d46e8be7f53"
  integrity sha512-flFaaMc77NQbz0Fq73wBs9EH2lX1Oc2Z/3JuxoewpnGHpAGJ/j05tvBNMyTaGrKcHvf/+dk+mCDxb6+PmzGgnQ==

"@tailwindcss/oxide-win32-x64-msvc@4.0.4":
  version "4.0.4"
  resolved "https://registry.yarnpkg.com/@tailwindcss/oxide-win32-x64-msvc/-/oxide-win32-x64-msvc-4.0.4.tgz#782a5b0e978560c055d8941d22c9957caf6899f6"
  integrity sha512-WzMA0aL/24/JyNrv2Yhr/Og24QGRPWJMjRyCJ4HRoGMs6/8svOQKrnnZ/9LUFwn56irAndFBjWWnlaqykH+g5Q==

"@tailwindcss/oxide@^4.0.0":
  version "4.0.4"
  resolved "https://registry.npmjs.org/@tailwindcss/oxide/-/oxide-4.0.4.tgz"
  integrity sha512-vPpu30KFLiGyPOoElkYt8WRvzGKVrrOz49KpfiGGtnQGmyUpL8VCbJzzEEcpKT5BpaaQidhFok+OXscf6hHjOQ==
  optionalDependencies:
    "@tailwindcss/oxide-android-arm64" "4.0.4"
    "@tailwindcss/oxide-darwin-arm64" "4.0.4"
    "@tailwindcss/oxide-darwin-x64" "4.0.4"
    "@tailwindcss/oxide-freebsd-x64" "4.0.4"
    "@tailwindcss/oxide-linux-arm-gnueabihf" "4.0.4"
    "@tailwindcss/oxide-linux-arm64-gnu" "4.0.4"
    "@tailwindcss/oxide-linux-arm64-musl" "4.0.4"
    "@tailwindcss/oxide-linux-x64-gnu" "4.0.4"
    "@tailwindcss/oxide-linux-x64-musl" "4.0.4"
    "@tailwindcss/oxide-win32-arm64-msvc" "4.0.4"
    "@tailwindcss/oxide-win32-x64-msvc" "4.0.4"

"@tailwindcss/postcss@^4.0.0":
  version "4.0.0"
  resolved "https://registry.npmjs.org/@tailwindcss/postcss/-/postcss-4.0.0.tgz"
  integrity sha512-lI2bPk4TvwavHdehjr5WiC6HnZ59hacM6ySEo4RM/H7tsjWd8JpqiNW9ThH7rO/yKtrn4mGBoXshpvn8clXjPg==
  dependencies:
    "@alloc/quick-lru" "^5.2.0"
    "@tailwindcss/node" "^4.0.0"
    "@tailwindcss/oxide" "^4.0.0"
    lightningcss "^1.29.1"
    postcss "^8.4.41"
    tailwindcss "4.0.0"

"@types/node@^14.14.34":
  version "14.18.30"
  resolved "https://registry.npmjs.org/@types/node/-/node-14.18.30.tgz"
  integrity sha512-8OEyg4oc/CqN5+LbInKNLA8MfbGzbC+k8lVPePXazuwEVrVeQ9gwMDX00HJwWbC7syc1FWRU6Mow0Lm+mibHAQ==

"@types/prop-types@*":
  version "15.7.5"
  resolved "https://registry.npmjs.org/@types/prop-types/-/prop-types-15.7.5.tgz"
  integrity sha512-JCB8C6SnDoQf0cNycqd/35A7MjcnK+ZTqE7judS6o7utxUCg6imJg3QK2qzHKszlTjcj2cn+NwMB2i96ubpj7w==

"@types/react@^17.0.50":
  version "17.0.50"
  resolved "https://registry.npmjs.org/@types/react/-/react-17.0.50.tgz"
  integrity sha512-ZCBHzpDb5skMnc1zFXAXnL3l1FAdi+xZvwxK+PkglMmBrwjpp9nKaWuEvrGnSifCJmBFGxZOOFuwC6KH/s0NuA==
  dependencies:
    "@types/prop-types" "*"
    "@types/scheduler" "*"
    csstype "^3.0.2"

"@types/scheduler@*":
  version "0.16.2"
  resolved "https://registry.npmjs.org/@types/scheduler/-/scheduler-0.16.2.tgz"
  integrity sha512-hppQEBDmlwhFAXKJX2KnWLYu5yMfi91yazPb2l+lbJiwW+wdo1gNeRA+3RgNSO39WYX2euey41KEwnqesU2Jew==

amerkit@^0.10.1:
  version "0.10.1"
  resolved "https://registry.npmjs.org/amerkit/-/amerkit-0.10.1.tgz"
  integrity sha512-047VvkqTPm5p65INMtn5frRyAsWP5fUCu1oIprznLXePfvuU2uR8Yj3pv4KYI83xCFi1P8n0Xw65t4m8Jk8EYw==

busboy@1.6.0:
  version "1.6.0"
  resolved "https://registry.npmjs.org/busboy/-/busboy-1.6.0.tgz"
  integrity sha512-8SFQbg/0hQ9xy3UNTB0YEnsNBbWfhf7RtnzpL7TkBiTBRfrQ9Fxcnz7VJsleJpyp6rVLvXiuORqjlHi5q+PYuA==
  dependencies:
    streamsearch "^1.1.0"

caniuse-lite@^1.0.30001406:
  version "1.0.30001563"
  resolved "https://registry.npmjs.org/caniuse-lite/-/caniuse-lite-1.0.30001563.tgz"
  integrity sha512-na2WUmOxnwIZtwnFI2CZ/3er0wdNzU7hN+cPYz/z2ajHThnkWjNBOpEPP4n+4r2WPM847JaMotaJE3bnfzjyKw==

client-only@0.0.1:
  version "0.0.1"
  resolved "https://registry.npmjs.org/client-only/-/client-only-0.0.1.tgz"
  integrity sha512-IV3Ou0jSMzZrd3pZ48nLkT9DA7Ag1pnPzaiQhpW7c3RbcqqzvzzVu+L8gfqMp/8IM2MQtSiqaCxrrcfu8I8rMA==

clsx@^1.1.1:
  version "1.2.1"
  resolved "https://registry.npmjs.org/clsx/-/clsx-1.2.1.tgz"
  integrity sha512-EcR6r5a8bj6pu3ycsa/E/cKVGuTgZJZdsyUYHOksG/UHIiKfjxzRxYJpyVBwYaQeOvghal9fcc4PidlgzugAQg==

csstype@^3.0.2:
  version "3.1.1"
  resolved "https://registry.npmjs.org/csstype/-/csstype-3.1.1.tgz"
  integrity sha512-DJR/VvkAvSZW9bTouZue2sSxDwdTN92uHjqeKVm+0dAqdfNykRzQ95tay8aXMBAAPpUiq4Qcug2L7neoRh2Egw==

detect-libc@^1.0.3:
  version "1.0.3"
  resolved "https://registry.npmjs.org/detect-libc/-/detect-libc-1.0.3.tgz"
  integrity sha512-pGjwhsmsp4kL2RTz08wcOlGN83otlqHeD/Z5T8GXZB+/YcpQ/dgo+lbU8ZsGxV0HIvqqxo9l7mqYwyYMD9bKDg==

enhanced-resolve@^5.18.0:
  version "5.18.1"
  resolved "https://registry.npmjs.org/enhanced-resolve/-/enhanced-resolve-5.18.1.tgz"
  integrity sha512-ZSW3ma5GkcQBIpwZTSRAI8N71Uuwgs93IezB7mf7R60tC8ZbJideoDNKjHn2O9KIlx6rkGTTEk1xUCK2E1Y2Yg==
  dependencies:
    graceful-fs "^4.2.4"
    tapable "^2.2.0"

glob-to-regexp@^0.4.1:
  version "0.4.1"
  resolved "https://registry.npmjs.org/glob-to-regexp/-/glob-to-regexp-0.4.1.tgz"
  integrity sha512-lkX1HJXwyMcprw/5YUZc2s7DrpAiHB21/V+E1rHUrVNokkvB6bqMzT0VfV6/86ZNabt1k14YOIaT7nDvOX3Iiw==

graceful-fs@^4.1.2, graceful-fs@^4.2.4:
  version "4.2.11"
  resolved "https://registry.npmjs.org/graceful-fs/-/graceful-fs-4.2.11.tgz"
  integrity sha512-RbJ5/jmFcNNCcDV5o9eTnBLJ/HszWV0P73bc+Ff4nS/rJj+YaS6IGyiOL0VoBYX+l1Wrl3k63h/KrH+nhJ0XvQ==

holy-time@^6.0.1:
  version "6.0.1"
  resolved "https://registry.npmjs.org/holy-time/-/holy-time-6.0.1.tgz"
  integrity sha512-KKsgiTT0VSyxUzu4ChULzWmbNDruX8fD1qqsndWLWgkbDzF6tkVktEtFcpaNNwnjaLscENz9mq5jNzGo/lMzoQ==

jiti@^2.4.2:
  version "2.4.2"
  resolved "https://registry.npmjs.org/jiti/-/jiti-2.4.2.tgz"
  integrity sha512-rg9zJN+G4n2nfJl5MW3BMygZX56zKPNVEYYqq7adpmMh4Jn2QNEwhvQlFy6jPVdcod7txZtKHWnyZiA3a0zP7A==

"js-tokens@^3.0.0 || ^4.0.0":
  version "4.0.0"
  resolved "https://registry.npmjs.org/js-tokens/-/js-tokens-4.0.0.tgz"
  integrity sha512-RdJUflcE3cUzKiMqQgsCu06FPu9UdIJO0beYbPhHN4k6apgJtifcoCtT9bcxOpYBtpD2kCM6Sbzg4CausW/PKQ==

lightningcss-darwin-arm64@1.29.1:
  version "1.29.1"
  resolved "https://registry.npmjs.org/lightningcss-darwin-arm64/-/lightningcss-darwin-arm64-1.29.1.tgz"
  integrity sha512-HtR5XJ5A0lvCqYAoSv2QdZZyoHNttBpa5EP9aNuzBQeKGfbyH5+UipLWvVzpP4Uml5ej4BYs5I9Lco9u1fECqw==

lightningcss-darwin-x64@1.29.1:
  version "1.29.1"
  resolved "https://registry.yarnpkg.com/lightningcss-darwin-x64/-/lightningcss-darwin-x64-1.29.1.tgz#e79c984180c57d00ee114210ceced83473d72dfc"
  integrity sha512-k33G9IzKUpHy/J/3+9MCO4e+PzaFblsgBjSGlpAaFikeBFm8B/CkO3cKU9oI4g+fjS2KlkLM/Bza9K/aw8wsNA==

lightningcss-freebsd-x64@1.29.1:
  version "1.29.1"
  resolved "https://registry.yarnpkg.com/lightningcss-freebsd-x64/-/lightningcss-freebsd-x64-1.29.1.tgz#4b3aec9620684a60c45266d50fd843869320f42f"
  integrity sha512-0SUW22fv/8kln2LnIdOCmSuXnxgxVC276W5KLTwoehiO0hxkacBxjHOL5EtHD8BAXg2BvuhsJPmVMasvby3LiQ==

lightningcss-linux-arm-gnueabihf@1.29.1:
  version "1.29.1"
  resolved "https://registry.yarnpkg.com/lightningcss-linux-arm-gnueabihf/-/lightningcss-linux-arm-gnueabihf-1.29.1.tgz#b80e9c4dd75652bec451ffd4d5779492a01791ff"
  integrity sha512-sD32pFvlR0kDlqsOZmYqH/68SqUMPNj+0pucGxToXZi4XZgZmqeX/NkxNKCPsswAXU3UeYgDSpGhu05eAufjDg==

lightningcss-linux-arm64-gnu@1.29.1:
  version "1.29.1"
  resolved "https://registry.yarnpkg.com/lightningcss-linux-arm64-gnu/-/lightningcss-linux-arm64-gnu-1.29.1.tgz#7825eb119ddf580a4a4f011c6f384a3f9c992060"
  integrity sha512-0+vClRIZ6mmJl/dxGuRsE197o1HDEeeRk6nzycSy2GofC2JsY4ifCRnvUWf/CUBQmlrvMzt6SMQNMSEu22csWQ==

lightningcss-linux-arm64-musl@1.29.1:
  version "1.29.1"
  resolved "https://registry.yarnpkg.com/lightningcss-linux-arm64-musl/-/lightningcss-linux-arm64-musl-1.29.1.tgz#389efccf80088dce2bb00e28bd7d1cfe36a71669"
  integrity sha512-UKMFrG4rL/uHNgelBsDwJcBqVpzNJbzsKkbI3Ja5fg00sgQnHw/VrzUTEc4jhZ+AN2BvQYz/tkHu4vt1kLuJyw==

lightningcss-linux-x64-gnu@1.29.1:
  version "1.29.1"
  resolved "https://registry.yarnpkg.com/lightningcss-linux-x64-gnu/-/lightningcss-linux-x64-gnu-1.29.1.tgz#98fc5df5e39ac8ddc51e51f785849eb21131f789"
  integrity sha512-u1S+xdODy/eEtjADqirA774y3jLcm8RPtYztwReEXoZKdzgsHYPl0s5V52Tst+GKzqjebkULT86XMSxejzfISw==

lightningcss-linux-x64-musl@1.29.1:
  version "1.29.1"
  resolved "https://registry.yarnpkg.com/lightningcss-linux-x64-musl/-/lightningcss-linux-x64-musl-1.29.1.tgz#fb4f80895ba7dfa8048ee32e9716a1684fefd6b2"
  integrity sha512-L0Tx0DtaNUTzXv0lbGCLB/c/qEADanHbu4QdcNOXLIe1i8i22rZRpbT3gpWYsCh9aSL9zFujY/WmEXIatWvXbw==

lightningcss-win32-arm64-msvc@1.29.1:
  version "1.29.1"
  resolved "https://registry.yarnpkg.com/lightningcss-win32-arm64-msvc/-/lightningcss-win32-arm64-msvc-1.29.1.tgz#fd4409fd1505d89d0ff66511c36df5a1379eb7cd"
  integrity sha512-QoOVnkIEFfbW4xPi+dpdft/zAKmgLgsRHfJalEPYuJDOWf7cLQzYg0DEh8/sn737FaeMJxHZRc1oBreiwZCjog==

lightningcss-win32-x64-msvc@1.29.1:
  version "1.29.1"
  resolved "https://registry.yarnpkg.com/lightningcss-win32-x64-msvc/-/lightningcss-win32-x64-msvc-1.29.1.tgz#54dcd52884f6cbf205a53d49239559603f194927"
  integrity sha512-NygcbThNBe4JElP+olyTI/doBNGJvLs3bFCRPdvuCcxZCcCZ71B858IHpdm7L1btZex0FvCmM17FK98Y9MRy1Q==

lightningcss@^1.29.1:
  version "1.29.1"
  resolved "https://registry.npmjs.org/lightningcss/-/lightningcss-1.29.1.tgz"
  integrity sha512-FmGoeD4S05ewj+AkhTY+D+myDvXI6eL27FjHIjoyUkO/uw7WZD1fBVs0QxeYWa7E17CUHJaYX/RUGISCtcrG4Q==
  dependencies:
    detect-libc "^1.0.3"
  optionalDependencies:
    lightningcss-darwin-arm64 "1.29.1"
    lightningcss-darwin-x64 "1.29.1"
    lightningcss-freebsd-x64 "1.29.1"
    lightningcss-linux-arm-gnueabihf "1.29.1"
    lightningcss-linux-arm64-gnu "1.29.1"
    lightningcss-linux-arm64-musl "1.29.1"
    lightningcss-linux-x64-gnu "1.29.1"
    lightningcss-linux-x64-musl "1.29.1"
    lightningcss-win32-arm64-msvc "1.29.1"
    lightningcss-win32-x64-msvc "1.29.1"

loose-envify@^1.1.0:
  version "1.4.0"
  resolved "https://registry.npmjs.org/loose-envify/-/loose-envify-1.4.0.tgz"
  integrity sha512-lyuxPGr/Wfhrlem2CL/UcnUc1zcqKAImBDzukY7Y5F/yQiNdko6+fRLevlw1HgMySw7f611UIY408EtxRSoK3Q==
  dependencies:
    js-tokens "^3.0.0 || ^4.0.0"

nanoid@^3.3.6:
  version "3.3.7"
  resolved "https://registry.npmjs.org/nanoid/-/nanoid-3.3.7.tgz"
  integrity sha512-eSRppjcPIatRIMC1U6UngP8XFcz8MQWGQdt1MTBQ7NaAmvXDfvNxbvWV3x2y6CdEUciCSsDHDQZbhYaB8QEo2g==

nanoid@^3.3.8:
  version "3.3.8"
  resolved "https://registry.npmjs.org/nanoid/-/nanoid-3.3.8.tgz"
  integrity sha512-WNLf5Sd8oZxOm+TzppcYk8gVOgP+l58xNy58D0nbUnOxOWRWvlcCV4kUF7ltmI6PsrLl/BgKEyS4mqsGChFN0w==

next@^14.0.3:
  version "14.0.3"
  resolved "https://registry.npmjs.org/next/-/next-14.0.3.tgz"
  integrity sha512-AbYdRNfImBr3XGtvnwOxq8ekVCwbFTv/UJoLwmaX89nk9i051AEY4/HAWzU0YpaTDw8IofUpmuIlvzWF13jxIw==
  dependencies:
    "@next/env" "14.0.3"
    "@swc/helpers" "0.5.2"
    busboy "1.6.0"
    caniuse-lite "^1.0.30001406"
    postcss "8.4.31"
    styled-jsx "5.1.1"
    watchpack "2.4.0"
  optionalDependencies:
    "@next/swc-darwin-arm64" "14.0.3"
    "@next/swc-darwin-x64" "14.0.3"
    "@next/swc-linux-arm64-gnu" "14.0.3"
    "@next/swc-linux-arm64-musl" "14.0.3"
    "@next/swc-linux-x64-gnu" "14.0.3"
    "@next/swc-linux-x64-musl" "14.0.3"
    "@next/swc-win32-arm64-msvc" "14.0.3"
    "@next/swc-win32-ia32-msvc" "14.0.3"
    "@next/swc-win32-x64-msvc" "14.0.3"

picocolors@^1.0.0:
  version "1.0.0"
  resolved "https://registry.npmjs.org/picocolors/-/picocolors-1.0.0.tgz"
  integrity sha512-1fygroTLlHu66zi26VoTDv8yRgm0Fccecssto+MhsZ0D/DGW2sm8E8AjW7NU5VVTRt5GxbeZ5qBuJr+HyLYkjQ==

picocolors@^1.1.1:
  version "1.1.1"
  resolved "https://registry.npmjs.org/picocolors/-/picocolors-1.1.1.tgz"
  integrity sha512-xceH2snhtb5M9liqDsmEw56le376mTZkEX/jEb/RxNFyegNul7eNslCXP9FDj/Lcu0X8KEyMceP2ntpaHrDEVA==

postcss@8.4.31, postcss@^8.4.31:
  version "8.4.31"
  resolved "https://registry.npmjs.org/postcss/-/postcss-8.4.31.tgz"
  integrity sha512-PS08Iboia9mts/2ygV3eLpY5ghnUcfLV/EXTOW1E2qYxJKGGBUtNjN76FYHnMs36RmARn41bC0AZmn+rR0OVpQ==
  dependencies:
    nanoid "^3.3.6"
    picocolors "^1.0.0"
    source-map-js "^1.0.2"

postcss@^8.4.41:
  version "8.5.1"
  resolved "https://registry.npmjs.org/postcss/-/postcss-8.5.1.tgz"
  integrity sha512-6oz2beyjc5VMn/KV1pPw8fliQkhBXrVn1Z3TVyqZxU8kZpzEKhBdmCFqI6ZbmGtamQvQGuU1sgPTk8ZrXDD7jQ==
  dependencies:
    nanoid "^3.3.8"
    picocolors "^1.1.1"
    source-map-js "^1.2.1"

react-dom@^18.2.0:
  version "18.2.0"
  resolved "https://registry.npmjs.org/react-dom/-/react-dom-18.2.0.tgz"
  integrity sha512-6IMTriUmvsjHUjNtEDudZfuDQUoWXVxKHhlEGSk81n4YFS+r/Kl99wXiwlVXtPBtJenozv2P+hxDsw9eA7Xo6g==
  dependencies:
    loose-envify "^1.1.0"
    scheduler "^0.23.0"

react@^18.2.0:
  version "18.2.0"
  resolved "https://registry.npmjs.org/react/-/react-18.2.0.tgz"
  integrity sha512-/3IjMdb2L9QbBdWiW5e3P2/npwMBaU9mHCSCUzNln0ZCYbcfTsGbTJrU/kGemdH2IWmB2ioZ+zkxtmq6g09fGQ==
  dependencies:
    loose-envify "^1.1.0"

scheduler@^0.23.0:
  version "0.23.0"
  resolved "https://registry.npmjs.org/scheduler/-/scheduler-0.23.0.tgz"
  integrity sha512-CtuThmgHNg7zIZWAXi3AsyIzA3n4xx7aNyjwC2VJldO2LMVDhFK+63xGqq6CsJH4rTAt6/M+N4GhZiDYPx9eUw==
  dependencies:
    loose-envify "^1.1.0"

source-map-js@^1.0.2:
  version "1.0.2"
  resolved "https://registry.npmjs.org/source-map-js/-/source-map-js-1.0.2.tgz"
  integrity sha512-R0XvVJ9WusLiqTCEiGCmICCMplcCkIwwR11mOSD9CR5u+IXYdiseeEuXCVAjS54zqwkLcPNnmU4OeJ6tUrWhDw==

source-map-js@^1.2.1:
  version "1.2.1"
  resolved "https://registry.npmjs.org/source-map-js/-/source-map-js-1.2.1.tgz"
  integrity sha512-UXWMKhLOwVKb728IUtQPXxfYU+usdybtUrK/8uGE8CQMvrhOpwvzDBwj0QhSL7MQc7vIsISBG8VQ8+IDQxpfQA==

streamsearch@^1.1.0:
  version "1.1.0"
  resolved "https://registry.npmjs.org/streamsearch/-/streamsearch-1.1.0.tgz"
  integrity sha512-Mcc5wHehp9aXz1ax6bZUyY5afg9u2rv5cqQI3mRrYkGC8rW2hM02jWuwjtL++LS5qinSyhj2QfLyNsuc+VsExg==

styled-jsx@5.1.1:
  version "5.1.1"
  resolved "https://registry.npmjs.org/styled-jsx/-/styled-jsx-5.1.1.tgz"
  integrity sha512-pW7uC1l4mBZ8ugbiZrcIsiIvVx1UmTfw7UkC3Um2tmfUq9Bhk8IiyEIPl6F8agHgjzku6j0xQEZbfA5uSgSaCw==
  dependencies:
    client-only "0.0.1"

swr@^1.3.0:
  version "1.3.0"
  resolved "https://registry.npmjs.org/swr/-/swr-1.3.0.tgz"
  integrity sha512-dkghQrOl2ORX9HYrMDtPa7LTVHJjCTeZoB1dqTbnnEDlSvN8JEKpYIYurDfvbQFUUS8Cg8PceFVZNkW0KNNYPw==

tailwindcss@4.0.0, tailwindcss@^4.0.0:
  version "4.0.0"
  resolved "https://registry.npmjs.org/tailwindcss/-/tailwindcss-4.0.0.tgz"
  integrity sha512-ULRPI3A+e39T7pSaf1xoi58AqqJxVCLg8F/uM5A3FadUbnyDTgltVnXJvdkTjwCOGA6NazqHVcwPJC5h2vRYVQ==

tailwindcss@4.0.4:
  version "4.0.4"
  resolved "https://registry.npmjs.org/tailwindcss/-/tailwindcss-4.0.4.tgz"
  integrity sha512-/ezDLEkOLf1lXkr9F2iI5BHJbexJpty5zkV2B8bGHCqAdbc9vk85Jgdkq+ZOvNkNPa3yAaqJ8DjRt584Bc84kw==

tapable@^2.2.0:
  version "2.2.1"
  resolved "https://registry.npmjs.org/tapable/-/tapable-2.2.1.tgz"
  integrity sha512-GNzQvQTOIP6RyTfE2Qxb8ZVlNmw0n88vp1szwWRimP02mnTsx3Wtn5qRdqY9w2XduFNUgvOwhNnQsjwCp+kqaQ==

tslib@^2.4.0:
  version "2.4.0"
  resolved "https://registry.npmjs.org/tslib/-/tslib-2.4.0.tgz"
  integrity sha512-d6xOpEDfsi2CZVlPQzGeux8XMwLT9hssAsaPYExaQMuYskwb+x1x7J371tWlbBdWHroy99KnVB6qIkUbs5X3UQ==

typescript@^4.1.5:
  version "4.8.3"
  resolved "https://registry.npmjs.org/typescript/-/typescript-4.8.3.tgz"
  integrity sha512-goMHfm00nWPa8UvR/CPSvykqf6dVV8x/dp0c5mFTMTIu0u0FlGWRioyy7Nn0PGAdHxpJZnuO/ut+PpQ8UiHAig==

watchpack@2.4.0:
  version "2.4.0"
  resolved "https://registry.npmjs.org/watchpack/-/watchpack-2.4.0.tgz"
  integrity sha512-Lcvm7MGST/4fup+ifyKi2hjyIAwcdI4HRgtvTpIUxBRhB+RFtUh8XtDOxUfctVCnhVi+QQj49i91OyvzkJl6cg==
  dependencies:
    glob-to-regexp "^0.4.1"
    graceful-fs "^4.1.2"
